
Microsoft Visual Studio Solution File, Format Version 12.00
# Visual Studio 15
VisualStudioVersion = 15.0.27703.1
MinimumVisualStudioVersion = 10.0.40219.1
Project("{9A19103F-16F7-4668-BE54-9A1E7A4F7556}") = "io.prestosql.test", "io.prestosql.test\io.prestosql.test.csproj", "{9B085F8F-B3A2-486E-9FD5-0A537B9D5E37}"
EndProject
Project("{9A19103F-16F7-4668-BE54-9A1E7A4F7556}") = "io.prestosql.client", "io.prestosql.client\io.prestosql.client.csproj", "{D67D1BFE-6FDD-416C-9383-7795F125EB2B}"
EndProject
Global
	GlobalSection(SolutionConfigurationPlatforms) = preSolution
		Debug|Any CPU = Debug|Any CPU
		Release|Any CPU = Release|Any CPU
	EndGlobalSection
	GlobalSection(ProjectConfigurationPlatforms) = postSolution
		{9B085F8F-B3A2-486E-9FD5-0A537B9D5E37}.Debug|Any CPU.ActiveCfg = Debug|Any CPU
		{9B085F8F-B3A2-486E-9FD5-0A537B9D5E37}.Debug|Any CPU.Build.0 = Debug|Any CPU
		{9B085F8F-B3A2-486E-9FD5-0A537B9D5E37}.Release|Any CPU.ActiveCfg = Release|Any CPU
		{9B085F8F-B3A2-486E-9FD5-0A537B9D5E37}.Release|Any CPU.Build.0 = Release|Any CPU
		{D67D1BFE-6FDD-416C-9383-7795F125EB2B}.Debug|Any CPU.ActiveCfg = Debug|Any CPU
		{D67D1BFE-6FDD-416C-9383-7795F125EB2B}.Debug|Any CPU.Build.0 = Debug|Any CPU
		{D67D1BFE-6FDD-416C-9383-7795F125EB2B}.Release|Any CPU.ActiveCfg = Release|Any CPU
		{D67D1BFE-6FDD-416C-9383-7795F125EB2B}.Release|Any CPU.Build.0 = Release|Any CPU
	EndGlobalSection
	GlobalSection(SolutionProperties) = preSolution
		HideSolutionNode = FALSE
	EndGlobalSection
	GlobalSection(ExtensibilityGlobals) = postSolution
		SolutionGuid = {56D889BB-AF11-4FD2-BDAA-6844FC63D86C}
	EndGlobalSection
EndGlobal
